
Microsoft Visual Studio Solution File, Format Version 12.00
# Visual Studio Version 17
VisualStudioVersion = 17.10.35122.118
MinimumVisualStudioVersion = 10.0.40219.1
Project("{FAE04EC0-301F-11D3-BF4B-00C04F79EFBC}") = "Simple calculator", "Simple calculator.csproj", "{59496E16-132F-454F-8D22-EDC94948F712}"
EndProject
Global
	GlobalSection(SolutionConfigurationPlatforms) = preSolution
		Debug|Any CPU = Debug|Any CPU
		Release|Any CPU = Release|Any CPU
	EndGlobalSection
	GlobalSection(ProjectConfigurationPlatforms) = postSolution
		{59496E16-132F-454F-8D22-EDC94948F712}.Debug|Any CPU.ActiveCfg = Debug|Any CPU
		{59496E16-132F-454F-8D22-EDC94948F712}.Debug|Any CPU.Build.0 = Debug|Any CPU
		{59496E16-132F-454F-8D22-EDC94948F712}.Release|Any CPU.ActiveCfg = Release|Any CPU
		{59496E16-132F-454F-8D22-EDC94948F712}.Release|Any CPU.Build.0 = Release|Any CPU
	EndGlobalSection
	GlobalSection(SolutionProperties) = preSolution
		HideSolutionNode = FALSE
	EndGlobalSection
	GlobalSection(ExtensibilityGlobals) = postSolution
		SolutionGuid = {2B807CF6-75C9-4A02-9779-B1720B4C4224}
	EndGlobalSection
EndGlobal
