
Microsoft Visual Studio Solution File, Format Version 12.00
# Visual Studio Version 17
VisualStudioVersion = 17.10.35122.118
MinimumVisualStudioVersion = 10.0.40219.1
Project("{FAE04EC0-301F-11D3-BF4B-00C04F79EFBC}") = "OppD1", "OppD1.csproj", "{2799F9EE-7A34-4917-9144-72F966593A05}"
EndProject
Global
	GlobalSection(SolutionConfigurationPlatforms) = preSolution
		Debug|Any CPU = Debug|Any CPU
		Release|Any CPU = Release|Any CPU
	EndGlobalSection
	GlobalSection(ProjectConfigurationPlatforms) = postSolution
		{2799F9EE-7A34-4917-9144-72F966593A05}.Debug|Any CPU.ActiveCfg = Debug|Any CPU
		{2799F9EE-7A34-4917-9144-72F966593A05}.Debug|Any CPU.Build.0 = Debug|Any CPU
		{2799F9EE-7A34-4917-9144-72F966593A05}.Release|Any CPU.ActiveCfg = Release|Any CPU
		{2799F9EE-7A34-4917-9144-72F966593A05}.Release|Any CPU.Build.0 = Release|Any CPU
	EndGlobalSection
	GlobalSection(SolutionProperties) = preSolution
		HideSolutionNode = FALSE
	EndGlobalSection
	GlobalSection(ExtensibilityGlobals) = postSolution
		SolutionGuid = {7DA6D805-8AED-46FF-9FB8-BE8DB90B639D}
	EndGlobalSection
EndGlobal
